// !$*UTF8*$!
{
	archiveVersion = 1;
	classes = {
	};
	objectVersion = 56;
	objects = {

/* Begin PBXBuildFile section */
		72031C4B294DA49900BBF4C1 /* NotificationViewModel.swift in Sources */ = {isa = PBXBuildFile; fileRef = 72031C4A294DA49900BBF4C1 /* NotificationViewModel.swift */; };
		72067630293DC91400D5EB23 /* UploadTweetViewModel.swift in Sources */ = {isa = PBXBuildFile; fileRef = 7206762F293DC91400D5EB23 /* UploadTweetViewModel.swift */; };
		72100F20295C1AEA008D73A8 /* EditProfileController.swift in Sources */ = {isa = PBXBuildFile; fileRef = 72100F1F295C1AEA008D73A8 /* EditProfileController.swift */; };
		72100F25295C3419008D73A8 /* EditProfileHeader.swift in Sources */ = {isa = PBXBuildFile; fileRef = 72100F24295C3419008D73A8 /* EditProfileHeader.swift */; };
		7210B71E294C8C43006E99A5 /* NotificationCell.swift in Sources */ = {isa = PBXBuildFile; fileRef = 7210B71D294C8C43006E99A5 /* NotificationCell.swift */; };
		72171D1F2949CEDA0079EC5A /* Notification.swift in Sources */ = {isa = PBXBuildFile; fileRef = 72171D1E2949CEDA0079EC5A /* Notification.swift */; };
		72171D212949D6890079EC5A /* NotificationService.swift in Sources */ = {isa = PBXBuildFile; fileRef = 72171D202949D6890079EC5A /* NotificationService.swift */; };
		723D21562935E87500EE8CE6 /* UserCell.swift in Sources */ = {isa = PBXBuildFile; fileRef = 723D21552935E87500EE8CE6 /* UserCell.swift */; };
		724D3FF7293128C9008F5BA8 /* TweetViewModel.swift in Sources */ = {isa = PBXBuildFile; fileRef = 724D3FF6293128C9008F5BA8 /* TweetViewModel.swift */; };
		725F6301292A59E600A4EA3A /* MainTabController.swift in Sources */ = {isa = PBXBuildFile; fileRef = 725F6300292A59E600A4EA3A /* MainTabController.swift */; };
		725F6303292A5BD600A4EA3A /* FeedController.swift in Sources */ = {isa = PBXBuildFile; fileRef = 725F6302292A5BD600A4EA3A /* FeedController.swift */; };
		725F6305292A5C0100A4EA3A /* ExploreController.swift in Sources */ = {isa = PBXBuildFile; fileRef = 725F6304292A5C0100A4EA3A /* ExploreController.swift */; };
		725F6307292A5C0C00A4EA3A /* NotificationController.swift in Sources */ = {isa = PBXBuildFile; fileRef = 725F6306292A5C0C00A4EA3A /* NotificationController.swift */; };
		725F6309292A5C1900A4EA3A /* ConversationsController.swift in Sources */ = {isa = PBXBuildFile; fileRef = 725F6308292A5C1900A4EA3A /* ConversationsController.swift */; };
		725F630D292A6C8600A4EA3A /* Extensions.swift in Sources */ = {isa = PBXBuildFile; fileRef = 725F630C292A6C8600A4EA3A /* Extensions.swift */; };
		725F6312292A82A600A4EA3A /* LoginController.swift in Sources */ = {isa = PBXBuildFile; fileRef = 725F6311292A82A600A4EA3A /* LoginController.swift */; };
		725F6314292A834600A4EA3A /* RegistrationController.swift in Sources */ = {isa = PBXBuildFile; fileRef = 725F6313292A834600A4EA3A /* RegistrationController.swift */; };
		72695665292A2E7700CEF324 /* AppDelegate.swift in Sources */ = {isa = PBXBuildFile; fileRef = 72695664292A2E7700CEF324 /* AppDelegate.swift */; };
		72695667292A2E7700CEF324 /* SceneDelegate.swift in Sources */ = {isa = PBXBuildFile; fileRef = 72695666292A2E7700CEF324 /* SceneDelegate.swift */; };
		7269566C292A2E7700CEF324 /* Main.storyboard in Resources */ = {isa = PBXBuildFile; fileRef = 7269566A292A2E7700CEF324 /* Main.storyboard */; };
		7269566E292A2E7800CEF324 /* Assets.xcassets in Resources */ = {isa = PBXBuildFile; fileRef = 7269566D292A2E7800CEF324 /* Assets.xcassets */; };
		72695671292A2E7800CEF324 /* LaunchScreen.storyboard in Resources */ = {isa = PBXBuildFile; fileRef = 7269566F292A2E7800CEF324 /* LaunchScreen.storyboard */; };
		726BA93B292F283A00862F42 /* UploadTweetController.swift in Sources */ = {isa = PBXBuildFile; fileRef = 726BA93A292F283A00862F42 /* UploadTweetController.swift */; };
		726BA93D292F43C400862F42 /* InputTextView.swift in Sources */ = {isa = PBXBuildFile; fileRef = 726BA93C292F43C400862F42 /* InputTextView.swift */; };
		726BA93F292F4FF300862F42 /* TweetService.swift in Sources */ = {isa = PBXBuildFile; fileRef = 726BA93E292F4FF300862F42 /* TweetService.swift */; };
		726BA941292F5DDB00862F42 /* Tweet.swift in Sources */ = {isa = PBXBuildFile; fileRef = 726BA940292F5DDB00862F42 /* Tweet.swift */; };
		726BA943292F6B0400862F42 /* TweetCell.swift in Sources */ = {isa = PBXBuildFile; fileRef = 726BA942292F6B0400862F42 /* TweetCell.swift */; };
		727312112941B49600E397F0 /* ActionSheetLauncher.swift in Sources */ = {isa = PBXBuildFile; fileRef = 727312102941B49600E397F0 /* ActionSheetLauncher.swift */; };
		727312152941CD2800E397F0 /* ActionSheetCell.swift in Sources */ = {isa = PBXBuildFile; fileRef = 727312142941CD2800E397F0 /* ActionSheetCell.swift */; };
		727690112931E4D400A0098B /* ProfileController.swift in Sources */ = {isa = PBXBuildFile; fileRef = 727690102931E4D400A0098B /* ProfileController.swift */; };
		727690132931F85800A0098B /* ProfileHeader.swift in Sources */ = {isa = PBXBuildFile; fileRef = 727690122931F85800A0098B /* ProfileHeader.swift */; };
		7278C9B9292BA6D500915952 /* GoogleService-Info.plist in Resources */ = {isa = PBXBuildFile; fileRef = 7278C9B8292BA6D500915952 /* GoogleService-Info.plist */; };
		727955A3292D16EF002F6521 /* UserService.swift in Sources */ = {isa = PBXBuildFile; fileRef = 727955A2292D16EF002F6521 /* UserService.swift */; };
		7279A4A82933429500B09236 /* ProfileFilterView.swift in Sources */ = {isa = PBXBuildFile; fileRef = 7279A4A72933429500B09236 /* ProfileFilterView.swift */; };
		7279A4AA2933446700B09236 /* ProfileFilterCell.swift in Sources */ = {isa = PBXBuildFile; fileRef = 7279A4A92933446700B09236 /* ProfileFilterCell.swift */; };
		7279A4AC29334DCA00B09236 /* Protocols.swift in Sources */ = {isa = PBXBuildFile; fileRef = 7279A4AB29334DCA00B09236 /* Protocols.swift */; };
		7279A4AE29335E5600B09236 /* ProfileHeaderViewModel.swift in Sources */ = {isa = PBXBuildFile; fileRef = 7279A4AD29335E5600B09236 /* ProfileHeaderViewModel.swift */; };
		729DDC32292C8D3E00EA81C1 /* Constants.swift in Sources */ = {isa = PBXBuildFile; fileRef = 729DDC31292C8D3E00EA81C1 /* Constants.swift */; };
		729DDC34292CA7F300EA81C1 /* AuthService.swift in Sources */ = {isa = PBXBuildFile; fileRef = 729DDC33292CA7F300EA81C1 /* AuthService.swift */; };
		729F0F812944AC7000B11B44 /* ActionSheetViewModel.swift in Sources */ = {isa = PBXBuildFile; fileRef = 729F0F802944AC7000B11B44 /* ActionSheetViewModel.swift */; };
		72CC3F6D293C74E9008FC984 /* TweetController.swift in Sources */ = {isa = PBXBuildFile; fileRef = 72CC3F6C293C74E9008FC984 /* TweetController.swift */; };
		72CC3F6F293C7804008FC984 /* TweetHeader.swift in Sources */ = {isa = PBXBuildFile; fileRef = 72CC3F6E293C7804008FC984 /* TweetHeader.swift */; };
		72CEA858295D289C00CBDED1 /* EditProfileViewModel.swift in Sources */ = {isa = PBXBuildFile; fileRef = 72CEA857295D289C00CBDED1 /* EditProfileViewModel.swift */; };
		72CEA85A295D291200CBDED1 /* EditProfileCell.swift in Sources */ = {isa = PBXBuildFile; fileRef = 72CEA859295D291200CBDED1 /* EditProfileCell.swift */; };
		72EF1F31292B4FD500CCFF6F /* Utilities.swift in Sources */ = {isa = PBXBuildFile; fileRef = 72EF1F30292B4FD500CCFF6F /* Utilities.swift */; };
		72FC648D292E7DC7006667B0 /* User.swift in Sources */ = {isa = PBXBuildFile; fileRef = 72FC648C292E7DC7006667B0 /* User.swift */; };
		77DDD5B658F30B4ED876F2C0 /* Pods_TwitterTutorial.framework in Frameworks */ = {isa = PBXBuildFile; fileRef = FCF5875747113B8DD28FE8C8 /* Pods_TwitterTutorial.framework */; };
/* End PBXBuildFile section */

/* Begin PBXFileReference section */
		72031C4A294DA49900BBF4C1 /* NotificationViewModel.swift */ = {isa = PBXFileReference; lastKnownFileType = sourcecode.swift; path = NotificationViewModel.swift; sourceTree = "<group>"; };
		7206762F293DC91400D5EB23 /* UploadTweetViewModel.swift */ = {isa = PBXFileReference; lastKnownFileType = sourcecode.swift; path = UploadTweetViewModel.swift; sourceTree = "<group>"; };
		72100F1F295C1AEA008D73A8 /* EditProfileController.swift */ = {isa = PBXFileReference; lastKnownFileType = sourcecode.swift; path = EditProfileController.swift; sourceTree = "<group>"; };
		72100F24295C3419008D73A8 /* EditProfileHeader.swift */ = {isa = PBXFileReference; lastKnownFileType = sourcecode.swift; path = EditProfileHeader.swift; sourceTree = "<group>"; };
		7210B71D294C8C43006E99A5 /* NotificationCell.swift */ = {isa = PBXFileReference; lastKnownFileType = sourcecode.swift; path = NotificationCell.swift; sourceTree = "<group>"; };
		72171D1E2949CEDA0079EC5A /* Notification.swift */ = {isa = PBXFileReference; lastKnownFileType = sourcecode.swift; path = Notification.swift; sourceTree = "<group>"; };
		72171D202949D6890079EC5A /* NotificationService.swift */ = {isa = PBXFileReference; lastKnownFileType = sourcecode.swift; path = NotificationService.swift; sourceTree = "<group>"; };
		723D21552935E87500EE8CE6 /* UserCell.swift */ = {isa = PBXFileReference; lastKnownFileType = sourcecode.swift; path = UserCell.swift; sourceTree = "<group>"; };
		724D3FF6293128C9008F5BA8 /* TweetViewModel.swift */ = {isa = PBXFileReference; lastKnownFileType = sourcecode.swift; path = TweetViewModel.swift; sourceTree = "<group>"; };
		725F6300292A59E600A4EA3A /* MainTabController.swift */ = {isa = PBXFileReference; lastKnownFileType = sourcecode.swift; path = MainTabController.swift; sourceTree = "<group>"; };
		725F6302292A5BD600A4EA3A /* FeedController.swift */ = {isa = PBXFileReference; lastKnownFileType = sourcecode.swift; path = FeedController.swift; sourceTree = "<group>"; };
		725F6304292A5C0100A4EA3A /* ExploreController.swift */ = {isa = PBXFileReference; lastKnownFileType = sourcecode.swift; path = ExploreController.swift; sourceTree = "<group>"; };
		725F6306292A5C0C00A4EA3A /* NotificationController.swift */ = {isa = PBXFileReference; lastKnownFileType = sourcecode.swift; path = NotificationController.swift; sourceTree = "<group>"; };
		725F6308292A5C1900A4EA3A /* ConversationsController.swift */ = {isa = PBXFileReference; lastKnownFileType = sourcecode.swift; path = ConversationsController.swift; sourceTree = "<group>"; };
		725F630C292A6C8600A4EA3A /* Extensions.swift */ = {isa = PBXFileReference; lastKnownFileType = sourcecode.swift; path = Extensions.swift; sourceTree = "<group>"; };
		725F6311292A82A600A4EA3A /* LoginController.swift */ = {isa = PBXFileReference; lastKnownFileType = sourcecode.swift; path = LoginController.swift; sourceTree = "<group>"; };
		725F6313292A834600A4EA3A /* RegistrationController.swift */ = {isa = PBXFileReference; lastKnownFileType = sourcecode.swift; path = RegistrationController.swift; sourceTree = "<group>"; };
		72695661292A2E7700CEF324 /* TwitterTutorial.app */ = {isa = PBXFileReference; explicitFileType = wrapper.application; includeInIndex = 0; path = TwitterTutorial.app; sourceTree = BUILT_PRODUCTS_DIR; };
		72695664292A2E7700CEF324 /* AppDelegate.swift */ = {isa = PBXFileReference; lastKnownFileType = sourcecode.swift; path = AppDelegate.swift; sourceTree = "<group>"; };
		72695666292A2E7700CEF324 /* SceneDelegate.swift */ = {isa = PBXFileReference; lastKnownFileType = sourcecode.swift; path = SceneDelegate.swift; sourceTree = "<group>"; };
		7269566B292A2E7700CEF324 /* Base */ = {isa = PBXFileReference; lastKnownFileType = file.storyboard; name = Base; path = Base.lproj/Main.storyboard; sourceTree = "<group>"; };
		7269566D292A2E7800CEF324 /* Assets.xcassets */ = {isa = PBXFileReference; lastKnownFileType = folder.assetcatalog; path = Assets.xcassets; sourceTree = "<group>"; };
		72695670292A2E7800CEF324 /* Base */ = {isa = PBXFileReference; lastKnownFileType = file.storyboard; name = Base; path = Base.lproj/LaunchScreen.storyboard; sourceTree = "<group>"; };
		72695672292A2E7800CEF324 /* Info.plist */ = {isa = PBXFileReference; lastKnownFileType = text.plist.xml; path = Info.plist; sourceTree = "<group>"; };
		726BA93A292F283A00862F42 /* UploadTweetController.swift */ = {isa = PBXFileReference; lastKnownFileType = sourcecode.swift; path = UploadTweetController.swift; sourceTree = "<group>"; };
		726BA93C292F43C400862F42 /* InputTextView.swift */ = {isa = PBXFileReference; lastKnownFileType = sourcecode.swift; path = InputTextView.swift; sourceTree = "<group>"; };
		726BA93E292F4FF300862F42 /* TweetService.swift */ = {isa = PBXFileReference; lastKnownFileType = sourcecode.swift; path = TweetService.swift; sourceTree = "<group>"; };
		726BA940292F5DDB00862F42 /* Tweet.swift */ = {isa = PBXFileReference; lastKnownFileType = sourcecode.swift; path = Tweet.swift; sourceTree = "<group>"; };
		726BA942292F6B0400862F42 /* TweetCell.swift */ = {isa = PBXFileReference; lastKnownFileType = sourcecode.swift; path = TweetCell.swift; sourceTree = "<group>"; };
		727312102941B49600E397F0 /* ActionSheetLauncher.swift */ = {isa = PBXFileReference; lastKnownFileType = sourcecode.swift; path = ActionSheetLauncher.swift; sourceTree = "<group>"; };
		727312142941CD2800E397F0 /* ActionSheetCell.swift */ = {isa = PBXFileReference; lastKnownFileType = sourcecode.swift; path = ActionSheetCell.swift; sourceTree = "<group>"; };
		727690102931E4D400A0098B /* ProfileController.swift */ = {isa = PBXFileReference; lastKnownFileType = sourcecode.swift; path = ProfileController.swift; sourceTree = "<group>"; };
		727690122931F85800A0098B /* ProfileHeader.swift */ = {isa = PBXFileReference; lastKnownFileType = sourcecode.swift; path = ProfileHeader.swift; sourceTree = "<group>"; };
		7278C9B8292BA6D500915952 /* GoogleService-Info.plist */ = {isa = PBXFileReference; fileEncoding = 4; lastKnownFileType = text.plist.xml; path = "GoogleService-Info.plist"; sourceTree = "<group>"; };
		727955A2292D16EF002F6521 /* UserService.swift */ = {isa = PBXFileReference; lastKnownFileType = sourcecode.swift; path = UserService.swift; sourceTree = "<group>"; };
		7279A4A72933429500B09236 /* ProfileFilterView.swift */ = {isa = PBXFileReference; lastKnownFileType = sourcecode.swift; path = ProfileFilterView.swift; sourceTree = "<group>"; };
		7279A4A92933446700B09236 /* ProfileFilterCell.swift */ = {isa = PBXFileReference; lastKnownFileType = sourcecode.swift; path = ProfileFilterCell.swift; sourceTree = "<group>"; };
		7279A4AB29334DCA00B09236 /* Protocols.swift */ = {isa = PBXFileReference; lastKnownFileType = sourcecode.swift; path = Protocols.swift; sourceTree = "<group>"; };
		7279A4AD29335E5600B09236 /* ProfileHeaderViewModel.swift */ = {isa = PBXFileReference; lastKnownFileType = sourcecode.swift; path = ProfileHeaderViewModel.swift; sourceTree = "<group>"; };
		729DDC31292C8D3E00EA81C1 /* Constants.swift */ = {isa = PBXFileReference; lastKnownFileType = sourcecode.swift; path = Constants.swift; sourceTree = "<group>"; };
		729DDC33292CA7F300EA81C1 /* AuthService.swift */ = {isa = PBXFileReference; lastKnownFileType = sourcecode.swift; path = AuthService.swift; sourceTree = "<group>"; };
		729F0F802944AC7000B11B44 /* ActionSheetViewModel.swift */ = {isa = PBXFileReference; lastKnownFileType = sourcecode.swift; path = ActionSheetViewModel.swift; sourceTree = "<group>"; };
		72CC3F6C293C74E9008FC984 /* TweetController.swift */ = {isa = PBXFileReference; lastKnownFileType = sourcecode.swift; path = TweetController.swift; sourceTree = "<group>"; };
		72CC3F6E293C7804008FC984 /* TweetHeader.swift */ = {isa = PBXFileReference; lastKnownFileType = sourcecode.swift; path = TweetHeader.swift; sourceTree = "<group>"; };
		72CEA857295D289C00CBDED1 /* EditProfileViewModel.swift */ = {isa = PBXFileReference; lastKnownFileType = sourcecode.swift; path = EditProfileViewModel.swift; sourceTree = "<group>"; };
		72CEA859295D291200CBDED1 /* EditProfileCell.swift */ = {isa = PBXFileReference; lastKnownFileType = sourcecode.swift; path = EditProfileCell.swift; sourceTree = "<group>"; };
		72EF1F30292B4FD500CCFF6F /* Utilities.swift */ = {isa = PBXFileReference; lastKnownFileType = sourcecode.swift; path = Utilities.swift; sourceTree = "<group>"; };
		72FC648C292E7DC7006667B0 /* User.swift */ = {isa = PBXFileReference; lastKnownFileType = sourcecode.swift; path = User.swift; sourceTree = "<group>"; };
		AF2B2A7906D710DF4B9D3AB6 /* Pods-TwitterTutorial.release.xcconfig */ = {isa = PBXFileReference; includeInIndex = 1; lastKnownFileType = text.xcconfig; name = "Pods-TwitterTutorial.release.xcconfig"; path = "Target Support Files/Pods-TwitterTutorial/Pods-TwitterTutorial.release.xcconfig"; sourceTree = "<group>"; };
		BFFFADFA8FDC4FB9B2D3D889 /* Pods-TwitterTutorial.debug.xcconfig */ = {isa = PBXFileReference; includeInIndex = 1; lastKnownFileType = text.xcconfig; name = "Pods-TwitterTutorial.debug.xcconfig"; path = "Target Support Files/Pods-TwitterTutorial/Pods-TwitterTutorial.debug.xcconfig"; sourceTree = "<group>"; };
		FCF5875747113B8DD28FE8C8 /* Pods_TwitterTutorial.framework */ = {isa = PBXFileReference; explicitFileType = wrapper.framework; includeInIndex = 0; path = Pods_TwitterTutorial.framework; sourceTree = BUILT_PRODUCTS_DIR; };
/* End PBXFileReference section */

/* Begin PBXFrameworksBuildPhase section */
		7269565E292A2E7700CEF324 /* Frameworks */ = {
			isa = PBXFrameworksBuildPhase;
			buildActionMask = 2147483647;
			files = (
				77DDD5B658F30B4ED876F2C0 /* Pods_TwitterTutorial.framework in Frameworks */,
			);
			runOnlyForDeploymentPostprocessing = 0;
		};
/* End PBXFrameworksBuildPhase section */

/* Begin PBXGroup section */
		17619BD9C396AA1CD91ABAF4 /* Pods */ = {
			isa = PBXGroup;
			children = (
				BFFFADFA8FDC4FB9B2D3D889 /* Pods-TwitterTutorial.debug.xcconfig */,
				AF2B2A7906D710DF4B9D3AB6 /* Pods-TwitterTutorial.release.xcconfig */,
			);
			path = Pods;
			sourceTree = "<group>";
		};
		72100F23295C3404008D73A8 /* Profile */ = {
			isa = PBXGroup;
			children = (
				7279A4A72933429500B09236 /* ProfileFilterView.swift */,
				7279A4A92933446700B09236 /* ProfileFilterCell.swift */,
				727690122931F85800A0098B /* ProfileHeader.swift */,
				72100F24295C3419008D73A8 /* EditProfileHeader.swift */,
				72CEA859295D291200CBDED1 /* EditProfileCell.swift */,
			);
			path = Profile;
			sourceTree = "<group>";
		};
		725F6310292A829500A4EA3A /* Authentication */ = {
			isa = PBXGroup;
			children = (
				725F6311292A82A600A4EA3A /* LoginController.swift */,
				725F6313292A834600A4EA3A /* RegistrationController.swift */,
			);
			path = Authentication;
			sourceTree = "<group>";
		};
		72695658292A2E7700CEF324 = {
			isa = PBXGroup;
			children = (
				72695663292A2E7700CEF324 /* TwitterTutorial */,
				72695662292A2E7700CEF324 /* Products */,
				17619BD9C396AA1CD91ABAF4 /* Pods */,
				C6B8079BE21DE790A867B3C2 /* Frameworks */,
			);
			sourceTree = "<group>";
		};
		72695662292A2E7700CEF324 /* Products */ = {
			isa = PBXGroup;
			children = (
				72695661292A2E7700CEF324 /* TwitterTutorial.app */,
			);
			name = Products;
			sourceTree = "<group>";
		};
		72695663292A2E7700CEF324 /* TwitterTutorial */ = {
			isa = PBXGroup;
			children = (
				7269567E292A2F4200CEF324 /* Model */,
				7269567D292A2F4000CEF324 /* View */,
				7269567C292A2F3E00CEF324 /* ViewModel */,
				7269567B292A2F3D00CEF324 /* Controller */,
				7269567A292A2F3B00CEF324 /* API */,
				72695678292A2F2500CEF324 /* Utils */,
				72695664292A2E7700CEF324 /* AppDelegate.swift */,
				72695666292A2E7700CEF324 /* SceneDelegate.swift */,
				7269566A292A2E7700CEF324 /* Main.storyboard */,
				7269566D292A2E7800CEF324 /* Assets.xcassets */,
				7269566F292A2E7800CEF324 /* LaunchScreen.storyboard */,
				72695672292A2E7800CEF324 /* Info.plist */,
				7278C9B8292BA6D500915952 /* GoogleService-Info.plist */,
			);
			path = TwitterTutorial;
			sourceTree = "<group>";
		};
		72695678292A2F2500CEF324 /* Utils */ = {
			isa = PBXGroup;
			children = (
				725F630C292A6C8600A4EA3A /* Extensions.swift */,
				72EF1F30292B4FD500CCFF6F /* Utilities.swift */,
				729DDC31292C8D3E00EA81C1 /* Constants.swift */,
				7279A4AB29334DCA00B09236 /* Protocols.swift */,
				727312102941B49600E397F0 /* ActionSheetLauncher.swift */,
			);
			path = Utils;
			sourceTree = "<group>";
		};
		7269567A292A2F3B00CEF324 /* API */ = {
			isa = PBXGroup;
			children = (
				729DDC33292CA7F300EA81C1 /* AuthService.swift */,
				727955A2292D16EF002F6521 /* UserService.swift */,
				726BA93E292F4FF300862F42 /* TweetService.swift */,
				72171D202949D6890079EC5A /* NotificationService.swift */,
			);
			path = API;
			sourceTree = "<group>";
		};
		7269567B292A2F3D00CEF324 /* Controller */ = {
			isa = PBXGroup;
			children = (
				725F6310292A829500A4EA3A /* Authentication */,
				725F6300292A59E600A4EA3A /* MainTabController.swift */,
				725F6302292A5BD600A4EA3A /* FeedController.swift */,
				725F6304292A5C0100A4EA3A /* ExploreController.swift */,
				725F6306292A5C0C00A4EA3A /* NotificationController.swift */,
				725F6308292A5C1900A4EA3A /* ConversationsController.swift */,
				726BA93A292F283A00862F42 /* UploadTweetController.swift */,
				727690102931E4D400A0098B /* ProfileController.swift */,
				72CC3F6C293C74E9008FC984 /* TweetController.swift */,
				72100F1F295C1AEA008D73A8 /* EditProfileController.swift */,
			);
			path = Controller;
			sourceTree = "<group>";
		};
		7269567C292A2F3E00CEF324 /* ViewModel */ = {
			isa = PBXGroup;
			children = (
				724D3FF6293128C9008F5BA8 /* TweetViewModel.swift */,
				7279A4AD29335E5600B09236 /* ProfileHeaderViewModel.swift */,
				7206762F293DC91400D5EB23 /* UploadTweetViewModel.swift */,
				729F0F802944AC7000B11B44 /* ActionSheetViewModel.swift */,
				72031C4A294DA49900BBF4C1 /* NotificationViewModel.swift */,
				72CEA857295D289C00CBDED1 /* EditProfileViewModel.swift */,
			);
			path = ViewModel;
			sourceTree = "<group>";
		};
		7269567D292A2F4000CEF324 /* View */ = {
			isa = PBXGroup;
			children = (
				72100F23295C3404008D73A8 /* Profile */,
				726BA93C292F43C400862F42 /* InputTextView.swift */,
				726BA942292F6B0400862F42 /* TweetCell.swift */,
				723D21552935E87500EE8CE6 /* UserCell.swift */,
				72CC3F6E293C7804008FC984 /* TweetHeader.swift */,
				727312142941CD2800E397F0 /* ActionSheetCell.swift */,
				7210B71D294C8C43006E99A5 /* NotificationCell.swift */,
			);
			path = View;
			sourceTree = "<group>";
		};
		7269567E292A2F4200CEF324 /* Model */ = {
			isa = PBXGroup;
			children = (
				72FC648C292E7DC7006667B0 /* User.swift */,
				726BA940292F5DDB00862F42 /* Tweet.swift */,
				72171D1E2949CEDA0079EC5A /* Notification.swift */,
			);
			path = Model;
			sourceTree = "<group>";
		};
		C6B8079BE21DE790A867B3C2 /* Frameworks */ = {
			isa = PBXGroup;
			children = (
				FCF5875747113B8DD28FE8C8 /* Pods_TwitterTutorial.framework */,
			);
			name = Frameworks;
			sourceTree = "<group>";
		};
/* End PBXGroup section */

/* Begin PBXNativeTarget section */
		72695660292A2E7700CEF324 /* TwitterTutorial */ = {
			isa = PBXNativeTarget;
			buildConfigurationList = 72695675292A2E7800CEF324 /* Build configuration list for PBXNativeTarget "TwitterTutorial" */;
			buildPhases = (
				BE3F186431FB8695F7EEE808 /* [CP] Check Pods Manifest.lock */,
				7269565D292A2E7700CEF324 /* Sources */,
				7269565E292A2E7700CEF324 /* Frameworks */,
				7269565F292A2E7700CEF324 /* Resources */,
				CD6B9B6D87DF7E41111994C1 /* [CP] Embed Pods Frameworks */,
			);
			buildRules = (
			);
			dependencies = (
			);
			name = TwitterTutorial;
			productName = TwitterTutorial;
			productReference = 72695661292A2E7700CEF324 /* TwitterTutorial.app */;
			productType = "com.apple.product-type.application";
		};
/* End PBXNativeTarget section */

/* Begin PBXProject section */
		72695659292A2E7700CEF324 /* Project object */ = {
			isa = PBXProject;
			attributes = {
				BuildIndependentTargetsInParallel = 1;
				LastSwiftUpdateCheck = 1400;
				LastUpgradeCheck = 1400;
				TargetAttributes = {
					72695660292A2E7700CEF324 = {
						CreatedOnToolsVersion = 14.0;
					};
				};
			};
			buildConfigurationList = 7269565C292A2E7700CEF324 /* Build configuration list for PBXProject "TwitterTutorial" */;
			compatibilityVersion = "Xcode 14.0";
			developmentRegion = en;
			hasScannedForEncodings = 0;
			knownRegions = (
				en,
				Base,
			);
			mainGroup = 72695658292A2E7700CEF324;
			productRefGroup = 72695662292A2E7700CEF324 /* Products */;
			projectDirPath = "";
			projectRoot = "";
			targets = (
				72695660292A2E7700CEF324 /* TwitterTutorial */,
			);
		};
/* End PBXProject section */

/* Begin PBXResourcesBuildPhase section */
		7269565F292A2E7700CEF324 /* Resources */ = {
			isa = PBXResourcesBuildPhase;
			buildActionMask = 2147483647;
			files = (
				72695671292A2E7800CEF324 /* LaunchScreen.storyboard in Resources */,
				7278C9B9292BA6D500915952 /* GoogleService-Info.plist in Resources */,
				7269566E292A2E7800CEF324 /* Assets.xcassets in Resources */,
				7269566C292A2E7700CEF324 /* Main.storyboard in Resources */,
			);
			runOnlyForDeploymentPostprocessing = 0;
		};
/* End PBXResourcesBuildPhase section */

/* Begin PBXShellScriptBuildPhase section */
		BE3F186431FB8695F7EEE808 /* [CP] Check Pods Manifest.lock */ = {
			isa = PBXShellScriptBuildPhase;
			buildActionMask = 2147483647;
			files = (
			);
			inputFileListPaths = (
			);
			inputPaths = (
				"${PODS_PODFILE_DIR_PATH}/Podfile.lock",
				"${PODS_ROOT}/Manifest.lock",
			);
			name = "[CP] Check Pods Manifest.lock";
			outputFileListPaths = (
			);
			outputPaths = (
				"$(DERIVED_FILE_DIR)/Pods-TwitterTutorial-checkManifestLockResult.txt",
			);
			runOnlyForDeploymentPostprocessing = 0;
			shellPath = /bin/sh;
			shellScript = "diff \"${PODS_PODFILE_DIR_PATH}/Podfile.lock\" \"${PODS_ROOT}/Manifest.lock\" > /dev/null\nif [ $? != 0 ] ; then\n    # print error to STDERR\n    echo \"error: The sandbox is not in sync with the Podfile.lock. Run 'pod install' or update your CocoaPods installation.\" >&2\n    exit 1\nfi\n# This output is used by Xcode 'outputs' to avoid re-running this script phase.\necho \"SUCCESS\" > \"${SCRIPT_OUTPUT_FILE_0}\"\n";
			showEnvVarsInLog = 0;
		};
		CD6B9B6D87DF7E41111994C1 /* [CP] Embed Pods Frameworks */ = {
			isa = PBXShellScriptBuildPhase;
			buildActionMask = 2147483647;
			files = (
			);
			inputFileListPaths = (
				"${PODS_ROOT}/Target Support Files/Pods-TwitterTutorial/Pods-TwitterTutorial-frameworks-${CONFIGURATION}-input-files.xcfilelist",
			);
			name = "[CP] Embed Pods Frameworks";
			outputFileListPaths = (
				"${PODS_ROOT}/Target Support Files/Pods-TwitterTutorial/Pods-TwitterTutorial-frameworks-${CONFIGURATION}-output-files.xcfilelist",
			);
			runOnlyForDeploymentPostprocessing = 0;
			shellPath = /bin/sh;
			shellScript = "\"${PODS_ROOT}/Target Support Files/Pods-TwitterTutorial/Pods-TwitterTutorial-frameworks.sh\"\n";
			showEnvVarsInLog = 0;
		};
/* End PBXShellScriptBuildPhase section */

/* Begin PBXSourcesBuildPhase section */
		7269565D292A2E7700CEF324 /* Sources */ = {
			isa = PBXSourcesBuildPhase;
			buildActionMask = 2147483647;
			files = (
				727955A3292D16EF002F6521 /* UserService.swift in Sources */,
				725F6307292A5C0C00A4EA3A /* NotificationController.swift in Sources */,
				72100F25295C3419008D73A8 /* EditProfileHeader.swift in Sources */,
				726BA93D292F43C400862F42 /* InputTextView.swift in Sources */,
				7279A4AA2933446700B09236 /* ProfileFilterCell.swift in Sources */,
				72171D212949D6890079EC5A /* NotificationService.swift in Sources */,
				725F6309292A5C1900A4EA3A /* ConversationsController.swift in Sources */,
				72EF1F31292B4FD500CCFF6F /* Utilities.swift in Sources */,
				72695665292A2E7700CEF324 /* AppDelegate.swift in Sources */,
				72CEA85A295D291200CBDED1 /* EditProfileCell.swift in Sources */,
				72100F20295C1AEA008D73A8 /* EditProfileController.swift in Sources */,
				727312152941CD2800E397F0 /* ActionSheetCell.swift in Sources */,
				725F630D292A6C8600A4EA3A /* Extensions.swift in Sources */,
				727690112931E4D400A0098B /* ProfileController.swift in Sources */,
				7279A4AC29334DCA00B09236 /* Protocols.swift in Sources */,
				727690132931F85800A0098B /* ProfileHeader.swift in Sources */,
				7279A4AE29335E5600B09236 /* ProfileHeaderViewModel.swift in Sources */,
				72CC3F6F293C7804008FC984 /* TweetHeader.swift in Sources */,
				726BA943292F6B0400862F42 /* TweetCell.swift in Sources */,
				725F6305292A5C0100A4EA3A /* ExploreController.swift in Sources */,
				729DDC34292CA7F300EA81C1 /* AuthService.swift in Sources */,
				726BA93B292F283A00862F42 /* UploadTweetController.swift in Sources */,
				72FC648D292E7DC7006667B0 /* User.swift in Sources */,
				72695667292A2E7700CEF324 /* SceneDelegate.swift in Sources */,
				725F6301292A59E600A4EA3A /* MainTabController.swift in Sources */,
				72CC3F6D293C74E9008FC984 /* TweetController.swift in Sources */,
				726BA93F292F4FF300862F42 /* TweetService.swift in Sources */,
				723D21562935E87500EE8CE6 /* UserCell.swift in Sources */,
				724D3FF7293128C9008F5BA8 /* TweetViewModel.swift in Sources */,
				725F6312292A82A600A4EA3A /* LoginController.swift in Sources */,
				72CEA858295D289C00CBDED1 /* EditProfileViewModel.swift in Sources */,
				725F6314292A834600A4EA3A /* RegistrationController.swift in Sources */,
				7279A4A82933429500B09236 /* ProfileFilterView.swift in Sources */,
				725F6303292A5BD600A4EA3A /* FeedController.swift in Sources */,
				72067630293DC91400D5EB23 /* UploadTweetViewModel.swift in Sources */,
				727312112941B49600E397F0 /* ActionSheetLauncher.swift in Sources */,
				72171D1F2949CEDA0079EC5A /* Notification.swift in Sources */,
				726BA941292F5DDB00862F42 /* Tweet.swift in Sources */,
				7210B71E294C8C43006E99A5 /* NotificationCell.swift in Sources */,
				729F0F812944AC7000B11B44 /* ActionSheetViewModel.swift in Sources */,
				729DDC32292C8D3E00EA81C1 /* Constants.swift in Sources */,
				72031C4B294DA49900BBF4C1 /* NotificationViewModel.swift in Sources */,
			);
			runOnlyForDeploymentPostprocessing = 0;
		};
/* End PBXSourcesBuildPhase section */

/* Begin PBXVariantGroup section */
		7269566A292A2E7700CEF324 /* Main.storyboard */ = {
			isa = PBXVariantGroup;
			children = (
				7269566B292A2E7700CEF324 /* Base */,
			);
			name = Main.storyboard;
			sourceTree = "<group>";
		};
		7269566F292A2E7800CEF324 /* LaunchScreen.storyboard */ = {
			isa = PBXVariantGroup;
			children = (
				72695670292A2E7800CEF324 /* Base */,
			);
			name = LaunchScreen.storyboard;
			sourceTree = "<group>";
		};
/* End PBXVariantGroup section */

/* Begin XCBuildConfiguration section */
		72695673292A2E7800CEF324 /* Debug */ = {
			isa = XCBuildConfiguration;
			buildSettings = {
				ALWAYS_SEARCH_USER_PATHS = NO;
				CLANG_ANALYZER_NONNULL = YES;
				CLANG_ANALYZER_NUMBER_OBJECT_CONVERSION = YES_AGGRESSIVE;
				CLANG_CXX_LANGUAGE_STANDARD = "gnu++20";
				CLANG_ENABLE_MODULES = YES;
				CLANG_ENABLE_OBJC_ARC = YES;
				CLANG_ENABLE_OBJC_WEAK = YES;
				CLANG_WARN_BLOCK_CAPTURE_AUTORELEASING = YES;
				CLANG_WARN_BOOL_CONVERSION = YES;
				CLANG_WARN_COMMA = YES;
				CLANG_WARN_CONSTANT_CONVERSION = YES;
				CLANG_WARN_DEPRECATED_OBJC_IMPLEMENTATIONS = YES;
				CLANG_WARN_DIRECT_OBJC_ISA_USAGE = YES_ERROR;
				CLANG_WARN_DOCUMENTATION_COMMENTS = YES;
				CLANG_WARN_EMPTY_BODY = YES;
				CLANG_WARN_ENUM_CONVERSION = YES;
				CLANG_WARN_INFINITE_RECURSION = YES;
				CLANG_WARN_INT_CONVERSION = YES;
				CLANG_WARN_NON_LITERAL_NULL_CONVERSION = YES;
				CLANG_WARN_OBJC_IMPLICIT_RETAIN_SELF = YES;
				CLANG_WARN_OBJC_LITERAL_CONVERSION = YES;
				CLANG_WARN_OBJC_ROOT_CLASS = YES_ERROR;
				CLANG_WARN_QUOTED_INCLUDE_IN_FRAMEWORK_HEADER = YES;
				CLANG_WARN_RANGE_LOOP_ANALYSIS = YES;
				CLANG_WARN_STRICT_PROTOTYPES = YES;
				CLANG_WARN_SUSPICIOUS_MOVE = YES;
				CLANG_WARN_UNGUARDED_AVAILABILITY = YES_AGGRESSIVE;
				CLANG_WARN_UNREACHABLE_CODE = YES;
				CLANG_WARN__DUPLICATE_METHOD_MATCH = YES;
				COPY_PHASE_STRIP = NO;
				DEBUG_INFORMATION_FORMAT = dwarf;
				ENABLE_STRICT_OBJC_MSGSEND = YES;
				ENABLE_TESTABILITY = YES;
				GCC_C_LANGUAGE_STANDARD = gnu11;
				GCC_DYNAMIC_NO_PIC = NO;
				GCC_NO_COMMON_BLOCKS = YES;
				GCC_OPTIMIZATION_LEVEL = 0;
				GCC_PREPROCESSOR_DEFINITIONS = (
					"DEBUG=1",
					"$(inherited)",
				);
				GCC_WARN_64_TO_32_BIT_CONVERSION = YES;
				GCC_WARN_ABOUT_RETURN_TYPE = YES_ERROR;
				GCC_WARN_UNDECLARED_SELECTOR = YES;
				GCC_WARN_UNINITIALIZED_AUTOS = YES_AGGRESSIVE;
				GCC_WARN_UNUSED_FUNCTION = YES;
				GCC_WARN_UNUSED_VARIABLE = YES;
				IPHONEOS_DEPLOYMENT_TARGET = 16.0;
				MTL_ENABLE_DEBUG_INFO = INCLUDE_SOURCE;
				MTL_FAST_MATH = YES;
				ONLY_ACTIVE_ARCH = YES;
				SDKROOT = iphoneos;
				SWIFT_ACTIVE_COMPILATION_CONDITIONS = DEBUG;
				SWIFT_OPTIMIZATION_LEVEL = "-Onone";
			};
			name = Debug;
		};
		72695674292A2E7800CEF324 /* Release */ = {
			isa = XCBuildConfiguration;
			buildSettings = {
				ALWAYS_SEARCH_USER_PATHS = NO;
				CLANG_ANALYZER_NONNULL = YES;
				CLANG_ANALYZER_NUMBER_OBJECT_CONVERSION = YES_AGGRESSIVE;
				CLANG_CXX_LANGUAGE_STANDARD = "gnu++20";
				CLANG_ENABLE_MODULES = YES;
				CLANG_ENABLE_OBJC_ARC = YES;
				CLANG_ENABLE_OBJC_WEAK = YES;
				CLANG_WARN_BLOCK_CAPTURE_AUTORELEASING = YES;
				CLANG_WARN_BOOL_CONVERSION = YES;
				CLANG_WARN_COMMA = YES;
				CLANG_WARN_CONSTANT_CONVERSION = YES;
				CLANG_WARN_DEPRECATED_OBJC_IMPLEMENTATIONS = YES;
				CLANG_WARN_DIRECT_OBJC_ISA_USAGE = YES_ERROR;
				CLANG_WARN_DOCUMENTATION_COMMENTS = YES;
				CLANG_WARN_EMPTY_BODY = YES;
				CLANG_WARN_ENUM_CONVERSION = YES;
				CLANG_WARN_INFINITE_RECURSION = YES;
				CLANG_WARN_INT_CONVERSION = YES;
				CLANG_WARN_NON_LITERAL_NULL_CONVERSION = YES;
				CLANG_WARN_OBJC_IMPLICIT_RETAIN_SELF = YES;
				CLANG_WARN_OBJC_LITERAL_CONVERSION = YES;
				CLANG_WARN_OBJC_ROOT_CLASS = YES_ERROR;
				CLANG_WARN_QUOTED_INCLUDE_IN_FRAMEWORK_HEADER = YES;
				CLANG_WARN_RANGE_LOOP_ANALYSIS = YES;
				CLANG_WARN_STRICT_PROTOTYPES = YES;
				CLANG_WARN_SUSPICIOUS_MOVE = YES;
				CLANG_WARN_UNGUARDED_AVAILABILITY = YES_AGGRESSIVE;
				CLANG_WARN_UNREACHABLE_CODE = YES;
				CLANG_WARN__DUPLICATE_METHOD_MATCH = YES;
				COPY_PHASE_STRIP = NO;
				DEBUG_INFORMATION_FORMAT = "dwarf-with-dsym";
				ENABLE_NS_ASSERTIONS = NO;
				ENABLE_STRICT_OBJC_MSGSEND = YES;
				GCC_C_LANGUAGE_STANDARD = gnu11;
				GCC_NO_COMMON_BLOCKS = YES;
				GCC_WARN_64_TO_32_BIT_CONVERSION = YES;
				GCC_WARN_ABOUT_RETURN_TYPE = YES_ERROR;
				GCC_WARN_UNDECLARED_SELECTOR = YES;
				GCC_WARN_UNINITIALIZED_AUTOS = YES_AGGRESSIVE;
				GCC_WARN_UNUSED_FUNCTION = YES;
				GCC_WARN_UNUSED_VARIABLE = YES;
				IPHONEOS_DEPLOYMENT_TARGET = 16.0;
				MTL_ENABLE_DEBUG_INFO = NO;
				MTL_FAST_MATH = YES;
				SDKROOT = iphoneos;
				SWIFT_COMPILATION_MODE = wholemodule;
				SWIFT_OPTIMIZATION_LEVEL = "-O";
				VALIDATE_PRODUCT = YES;
			};
			name = Release;
		};
		72695676292A2E7800CEF324 /* Debug */ = {
			isa = XCBuildConfiguration;
			baseConfigurationReference = BFFFADFA8FDC4FB9B2D3D889 /* Pods-TwitterTutorial.debug.xcconfig */;
			buildSettings = {
				ASSETCATALOG_COMPILER_APPICON_NAME = AppIcon;
				ASSETCATALOG_COMPILER_GLOBAL_ACCENT_COLOR_NAME = AccentColor;
				CODE_SIGN_STYLE = Automatic;
				CURRENT_PROJECT_VERSION = 1;
				DEVELOPMENT_TEAM = UM655SCS28;
				GENERATE_INFOPLIST_FILE = YES;
				INFOPLIST_FILE = TwitterTutorial/Info.plist;
				INFOPLIST_KEY_UIApplicationSupportsIndirectInputEvents = YES;
				INFOPLIST_KEY_UILaunchStoryboardName = LaunchScreen;
				INFOPLIST_KEY_UIMainStoryboardFile = Main;
				INFOPLIST_KEY_UIRequiresFullScreen = NO;
				INFOPLIST_KEY_UIStatusBarStyle = "";
				INFOPLIST_KEY_UISupportedInterfaceOrientations_iPad = "UIInterfaceOrientationPortrait UIInterfaceOrientationPortraitUpsideDown UIInterfaceOrientationLandscapeLeft UIInterfaceOrientationLandscapeRight";
				INFOPLIST_KEY_UISupportedInterfaceOrientations_iPhone = "UIInterfaceOrientationPortrait UIInterfaceOrientationLandscapeLeft UIInterfaceOrientationLandscapeRight";
				IPHONEOS_DEPLOYMENT_TARGET = 16.0;
				LD_RUNPATH_SEARCH_PATHS = (
					"$(inherited)",
					"@executable_path/Frameworks",
				);
				MARKETING_VERSION = 1.0;
				PRODUCT_BUNDLE_IDENTIFIER = com.hoonsbrand.TwitterTutorial;
				PRODUCT_NAME = "$(TARGET_NAME)";
				SWIFT_EMIT_LOC_STRINGS = YES;
				SWIFT_VERSION = 5.0;
				TARGETED_DEVICE_FAMILY = "1,2";
			};
			name = Debug;
		};
		72695677292A2E7800CEF324 /* Release */ = {
			isa = XCBuildConfiguration;
			baseConfigurationReference = AF2B2A7906D710DF4B9D3AB6 /* Pods-TwitterTutorial.release.xcconfig */;
			buildSettings = {
				ASSETCATALOG_COMPILER_APPICON_NAME = AppIcon;
				ASSETCATALOG_COMPILER_GLOBAL_ACCENT_COLOR_NAME = AccentColor;
				CODE_SIGN_STYLE = Automatic;
				CURRENT_PROJECT_VERSION = 1;
				DEVELOPMENT_TEAM = UM655SCS28;
				GENERATE_INFOPLIST_FILE = YES;
				INFOPLIST_FILE = TwitterTutorial/Info.plist;
				INFOPLIST_KEY_UIApplicationSupportsIndirectInputEvents = YES;
				INFOPLIST_KEY_UILaunchStoryboardName = LaunchScreen;
				INFOPLIST_KEY_UIMainStoryboardFile = Main;
				INFOPLIST_KEY_UIRequiresFullScreen = NO;
				INFOPLIST_KEY_UIStatusBarStyle = "";
				INFOPLIST_KEY_UISupportedInterfaceOrientations_iPad = "UIInterfaceOrientationPortrait UIInterfaceOrientationPortraitUpsideDown UIInterfaceOrientationLandscapeLeft UIInterfaceOrientationLandscapeRight";
				INFOPLIST_KEY_UISupportedInterfaceOrientations_iPhone = "UIInterfaceOrientationPortrait UIInterfaceOrientationLandscapeLeft UIInterfaceOrientationLandscapeRight";
				IPHONEOS_DEPLOYMENT_TARGET = 16.0;
				LD_RUNPATH_SEARCH_PATHS = (
					"$(inherited)",
					"@executable_path/Frameworks",
				);
				MARKETING_VERSION = 1.0;
				PRODUCT_BUNDLE_IDENTIFIER = com.hoonsbrand.TwitterTutorial;
				PRODUCT_NAME = "$(TARGET_NAME)";
				SWIFT_EMIT_LOC_STRINGS = YES;
				SWIFT_VERSION = 5.0;
				TARGETED_DEVICE_FAMILY = "1,2";
			};
			name = Release;
		};
/* End XCBuildConfiguration section */

/* Begin XCConfigurationList section */
		7269565C292A2E7700CEF324 /* Build configuration list for PBXProject "TwitterTutorial" */ = {
			isa = XCConfigurationList;
			buildConfigurations = (
				72695673292A2E7800CEF324 /* Debug */,
				72695674292A2E7800CEF324 /* Release */,
			);
			defaultConfigurationIsVisible = 0;
			defaultConfigurationName = Release;
		};
		72695675292A2E7800CEF324 /* Build configuration list for PBXNativeTarget "TwitterTutorial" */ = {
			isa = XCConfigurationList;
			buildConfigurations = (
				72695676292A2E7800CEF324 /* Debug */,
				72695677292A2E7800CEF324 /* Release */,
			);
			defaultConfigurationIsVisible = 0;
			defaultConfigurationName = Release;
		};
/* End XCConfigurationList section */
	};
	rootObject = 72695659292A2E7700CEF324 /* Project object */;
}
